
Microsoft Visual Studio Solution File, Format Version 12.00
# Visual Studio 2012
Project("{FAE04EC0-301F-11D3-BF4B-00C04F79EFBC}") = "TempusOptimus", "TempusOptimus\TempusOptimus.csproj", "{BDF44261-2A36-4AB0-A2BA-52A86447E2A6}"
EndProject
Project("{FAE04EC0-301F-11D3-BF4B-00C04F79EFBC}") = "TempusOptimus.Tests", "TempusOptimus.Tests\TempusOptimus.Tests.csproj", "{FC5C3BAB-DD3E-428F-9C38-00C0E96276DD}"
EndProject
Project("{2150E333-8FDC-42A3-9474-1A3956D46DE8}") = "build", "build", "{C98557BF-906C-4511-B1F7-21912E14037A}"
	ProjectSection(SolutionItems) = preProject
		..\.gitignore = ..\.gitignore
		..\LICENSE = ..\LICENSE
		..\README.md = ..\README.md
	EndProjectSection
EndProject
Project("{2150E333-8FDC-42A3-9474-1A3956D46DE8}") = "tests", "tests", "{A27B9DD7-C4FB-47AA-96F3-B0C95AF4DF44}"
EndProject
Global
	GlobalSection(SolutionConfigurationPlatforms) = preSolution
		Debug|Any CPU = Debug|Any CPU
		Release|Any CPU = Release|Any CPU
	EndGlobalSection
	GlobalSection(ProjectConfigurationPlatforms) = postSolution
		{BDF44261-2A36-4AB0-A2BA-52A86447E2A6}.Debug|Any CPU.ActiveCfg = Debug|Any CPU
		{BDF44261-2A36-4AB0-A2BA-52A86447E2A6}.Debug|Any CPU.Build.0 = Debug|Any CPU
		{BDF44261-2A36-4AB0-A2BA-52A86447E2A6}.Release|Any CPU.ActiveCfg = Release|Any CPU
		{BDF44261-2A36-4AB0-A2BA-52A86447E2A6}.Release|Any CPU.Build.0 = Release|Any CPU
		{FC5C3BAB-DD3E-428F-9C38-00C0E96276DD}.Debug|Any CPU.ActiveCfg = Debug|Any CPU
		{FC5C3BAB-DD3E-428F-9C38-00C0E96276DD}.Debug|Any CPU.Build.0 = Debug|Any CPU
		{FC5C3BAB-DD3E-428F-9C38-00C0E96276DD}.Release|Any CPU.ActiveCfg = Release|Any CPU
		{FC5C3BAB-DD3E-428F-9C38-00C0E96276DD}.Release|Any CPU.Build.0 = Release|Any CPU
	EndGlobalSection
	GlobalSection(SolutionProperties) = preSolution
		HideSolutionNode = FALSE
	EndGlobalSection
	GlobalSection(NestedProjects) = preSolution
		{FC5C3BAB-DD3E-428F-9C38-00C0E96276DD} = {A27B9DD7-C4FB-47AA-96F3-B0C95AF4DF44}
	EndGlobalSection
EndGlobal
